// !$*UTF8*$!
{
	archiveVersion = 1;
	classes = {
	};
	objectVersion = 52;
	objects = {

/* Begin PBXBuildFile section */
		36096133265E317A00E8BD9C /* EspecializacionSwiftUIApp.swift in Sources */ = {isa = PBXBuildFile; fileRef = 36096132265E317A00E8BD9C /* EspecializacionSwiftUIApp.swift */; };
		36096135265E317A00E8BD9C /* ContentView.swift in Sources */ = {isa = PBXBuildFile; fileRef = 36096134265E317A00E8BD9C /* ContentView.swift */; };
		36096137265E317B00E8BD9C /* Assets.xcassets in Resources */ = {isa = PBXBuildFile; fileRef = 36096136265E317B00E8BD9C /* Assets.xcassets */; };
		3609613A265E317B00E8BD9C /* Preview Assets.xcassets in Resources */ = {isa = PBXBuildFile; fileRef = 36096139265E317B00E8BD9C /* Preview Assets.xcassets */; };
		36096143265E33B700E8BD9C /* Kingfisher in Frameworks */ = {isa = PBXBuildFile; productRef = 36096142265E33B700E8BD9C /* Kingfisher */; };
		36096148265E349D00E8BD9C /* Model.swift in Sources */ = {isa = PBXBuildFile; fileRef = 36096147265E349D00E8BD9C /* Model.swift */; };
		3609614A265E355D00E8BD9C /* HomeView.swift in Sources */ = {isa = PBXBuildFile; fileRef = 36096149265E355D00E8BD9C /* HomeView.swift */; };
		3609614C265E358600E8BD9C /* GamesView.swift in Sources */ = {isa = PBXBuildFile; fileRef = 3609614B265E358600E8BD9C /* GamesView.swift */; };
		3609614E265E35F200E8BD9C /* GameView.swift in Sources */ = {isa = PBXBuildFile; fileRef = 3609614D265E35F200E8BD9C /* GameView.swift */; };
		36096150265E365000E8BD9C /* FavoritesView.swift in Sources */ = {isa = PBXBuildFile; fileRef = 3609614F265E365000E8BD9C /* FavoritesView.swift */; };
		36096152265E369D00E8BD9C /* ProfileView.swift in Sources */ = {isa = PBXBuildFile; fileRef = 36096151265E369D00E8BD9C /* ProfileView.swift */; };
		36096154265E36E700E8BD9C /* EditProfileView.swift in Sources */ = {isa = PBXBuildFile; fileRef = 36096153265E36E700E8BD9C /* EditProfileView.swift */; };
		36096156265E372300E8BD9C /* ViewModel.swift in Sources */ = {isa = PBXBuildFile; fileRef = 36096155265E372300E8BD9C /* ViewModel.swift */; };
		36096158265E378F00E8BD9C /* SearchGame.swift in Sources */ = {isa = PBXBuildFile; fileRef = 36096157265E378F00E8BD9C /* SearchGame.swift */; };
		3609615A265E37CE00E8BD9C /* SaveData.swift in Sources */ = {isa = PBXBuildFile; fileRef = 36096159265E37CE00E8BD9C /* SaveData.swift */; };
		3609615C265E385A00E8BD9C /* SUImagePickerView.swift in Sources */ = {isa = PBXBuildFile; fileRef = 3609615B265E385A00E8BD9C /* SUImagePickerView.swift */; };
		361536B7265F56F00048107A /* SistemaPuntos.swift in Sources */ = {isa = PBXBuildFile; fileRef = 361536B6265F56F00048107A /* SistemaPuntos.swift */; };
/* End PBXBuildFile section */

/* Begin PBXFileReference section */
		3609612F265E317A00E8BD9C /* EspecializacionSwiftUI.app */ = {isa = PBXFileReference; explicitFileType = wrapper.application; includeInIndex = 0; path = EspecializacionSwiftUI.app; sourceTree = BUILT_PRODUCTS_DIR; };
		36096132265E317A00E8BD9C /* EspecializacionSwiftUIApp.swift */ = {isa = PBXFileReference; lastKnownFileType = sourcecode.swift; path = EspecializacionSwiftUIApp.swift; sourceTree = "<group>"; };
		36096134265E317A00E8BD9C /* ContentView.swift */ = {isa = PBXFileReference; lastKnownFileType = sourcecode.swift; path = ContentView.swift; sourceTree = "<group>"; };
		36096136265E317B00E8BD9C /* Assets.xcassets */ = {isa = PBXFileReference; lastKnownFileType = folder.assetcatalog; path = Assets.xcassets; sourceTree = "<group>"; };
		36096139265E317B00E8BD9C /* Preview Assets.xcassets */ = {isa = PBXFileReference; lastKnownFileType = folder.assetcatalog; path = "Preview Assets.xcassets"; sourceTree = "<group>"; };
		3609613B265E317B00E8BD9C /* Info.plist */ = {isa = PBXFileReference; lastKnownFileType = text.plist.xml; path = Info.plist; sourceTree = "<group>"; };
		36096147265E349D00E8BD9C /* Model.swift */ = {isa = PBXFileReference; lastKnownFileType = sourcecode.swift; path = Model.swift; sourceTree = "<group>"; };
		36096149265E355D00E8BD9C /* HomeView.swift */ = {isa = PBXFileReference; lastKnownFileType = sourcecode.swift; path = HomeView.swift; sourceTree = "<group>"; };
		3609614B265E358600E8BD9C /* GamesView.swift */ = {isa = PBXFileReference; lastKnownFileType = sourcecode.swift; path = GamesView.swift; sourceTree = "<group>"; };
		3609614D265E35F200E8BD9C /* GameView.swift */ = {isa = PBXFileReference; lastKnownFileType = sourcecode.swift; path = GameView.swift; sourceTree = "<group>"; };
		3609614F265E365000E8BD9C /* FavoritesView.swift */ = {isa = PBXFileReference; lastKnownFileType = sourcecode.swift; path = FavoritesView.swift; sourceTree = "<group>"; };
		36096151265E369D00E8BD9C /* ProfileView.swift */ = {isa = PBXFileReference; lastKnownFileType = sourcecode.swift; path = ProfileView.swift; sourceTree = "<group>"; };
		36096153265E36E700E8BD9C /* EditProfileView.swift */ = {isa = PBXFileReference; lastKnownFileType = sourcecode.swift; path = EditProfileView.swift; sourceTree = "<group>"; };
		36096155265E372300E8BD9C /* ViewModel.swift */ = {isa = PBXFileReference; lastKnownFileType = sourcecode.swift; path = ViewModel.swift; sourceTree = "<group>"; };
		36096157265E378F00E8BD9C /* SearchGame.swift */ = {isa = PBXFileReference; lastKnownFileType = sourcecode.swift; path = SearchGame.swift; sourceTree = "<group>"; };
		36096159265E37CE00E8BD9C /* SaveData.swift */ = {isa = PBXFileReference; lastKnownFileType = sourcecode.swift; path = SaveData.swift; sourceTree = "<group>"; };
		3609615B265E385A00E8BD9C /* SUImagePickerView.swift */ = {isa = PBXFileReference; lastKnownFileType = sourcecode.swift; path = SUImagePickerView.swift; sourceTree = "<group>"; };
		361536B6265F56F00048107A /* SistemaPuntos.swift */ = {isa = PBXFileReference; lastKnownFileType = sourcecode.swift; path = SistemaPuntos.swift; sourceTree = "<group>"; };
/* End PBXFileReference section */

/* Begin PBXFrameworksBuildPhase section */
		3609612C265E317A00E8BD9C /* Frameworks */ = {
			isa = PBXFrameworksBuildPhase;
			buildActionMask = 2147483647;
			files = (
				36096143265E33B700E8BD9C /* Kingfisher in Frameworks */,
			);
			runOnlyForDeploymentPostprocessing = 0;
		};
/* End PBXFrameworksBuildPhase section */

/* Begin PBXGroup section */
		36096126265E317A00E8BD9C = {
			isa = PBXGroup;
			children = (
				36096131265E317A00E8BD9C /* EspecializacionSwiftUI */,
				36096130265E317A00E8BD9C /* Products */,
			);
			sourceTree = "<group>";
		};
		36096130265E317A00E8BD9C /* Products */ = {
			isa = PBXGroup;
			children = (
				3609612F265E317A00E8BD9C /* EspecializacionSwiftUI.app */,
			);
			name = Products;
			sourceTree = "<group>";
		};
		36096131265E317A00E8BD9C /* EspecializacionSwiftUI */ = {
			isa = PBXGroup;
			children = (
				36096132265E317A00E8BD9C /* EspecializacionSwiftUIApp.swift */,
				36096144265E343900E8BD9C /* Modelos */,
				36096145265E344300E8BD9C /* Vistas */,
				36096146265E344F00E8BD9C /* Vistas Modelos */,
				36096136265E317B00E8BD9C /* Assets.xcassets */,
				3609613B265E317B00E8BD9C /* Info.plist */,
				36096138265E317B00E8BD9C /* Preview Content */,
			);
			path = EspecializacionSwiftUI;
			sourceTree = "<group>";
		};
		36096138265E317B00E8BD9C /* Preview Content */ = {
			isa = PBXGroup;
			children = (
				36096139265E317B00E8BD9C /* Preview Assets.xcassets */,
			);
			path = "Preview Content";
			sourceTree = "<group>";
		};
		36096144265E343900E8BD9C /* Modelos */ = {
			isa = PBXGroup;
			children = (
				36096147265E349D00E8BD9C /* Model.swift */,
			);
			path = Modelos;
			sourceTree = "<group>";
		};
		36096145265E344300E8BD9C /* Vistas */ = {
			isa = PBXGroup;
			children = (
				36096134265E317A00E8BD9C /* ContentView.swift */,
				36096149265E355D00E8BD9C /* HomeView.swift */,
				3609614B265E358600E8BD9C /* GamesView.swift */,
				3609614D265E35F200E8BD9C /* GameView.swift */,
				3609614F265E365000E8BD9C /* FavoritesView.swift */,
				36096151265E369D00E8BD9C /* ProfileView.swift */,
				36096153265E36E700E8BD9C /* EditProfileView.swift */,
				361536B6265F56F00048107A /* SistemaPuntos.swift */,
			);
			path = Vistas;
			sourceTree = "<group>";
		};
		36096146265E344F00E8BD9C /* Vistas Modelos */ = {
			isa = PBXGroup;
			children = (
				36096155265E372300E8BD9C /* ViewModel.swift */,
				36096157265E378F00E8BD9C /* SearchGame.swift */,
				36096159265E37CE00E8BD9C /* SaveData.swift */,
				3609615B265E385A00E8BD9C /* SUImagePickerView.swift */,
			);
			path = "Vistas Modelos";
			sourceTree = "<group>";
		};
/* End PBXGroup section */

/* Begin PBXNativeTarget section */
		3609612E265E317A00E8BD9C /* EspecializacionSwiftUI */ = {
			isa = PBXNativeTarget;
			buildConfigurationList = 3609613E265E317B00E8BD9C /* Build configuration list for PBXNativeTarget "EspecializacionSwiftUI" */;
			buildPhases = (
				3609612B265E317A00E8BD9C /* Sources */,
				3609612C265E317A00E8BD9C /* Frameworks */,
				3609612D265E317A00E8BD9C /* Resources */,
			);
			buildRules = (
			);
			dependencies = (
			);
			name = EspecializacionSwiftUI;
			packageProductDependencies = (
				36096142265E33B700E8BD9C /* Kingfisher */,
			);
			productName = EspecializacionSwiftUI;
			productReference = 3609612F265E317A00E8BD9C /* EspecializacionSwiftUI.app */;
			productType = "com.apple.product-type.application";
		};
/* End PBXNativeTarget section */

/* Begin PBXProject section */
		36096127265E317A00E8BD9C /* Project object */ = {
			isa = PBXProject;
			attributes = {
				LastSwiftUpdateCheck = 1250;
				LastUpgradeCheck = 1250;
				TargetAttributes = {
					3609612E265E317A00E8BD9C = {
						CreatedOnToolsVersion = 12.5;
					};
				};
			};
			buildConfigurationList = 3609612A265E317A00E8BD9C /* Build configuration list for PBXProject "EspecializacionSwiftUI" */;
			compatibilityVersion = "Xcode 9.3";
			developmentRegion = en;
			hasScannedForEncodings = 0;
			knownRegions = (
				en,
				Base,
			);
			mainGroup = 36096126265E317A00E8BD9C;
			packageReferences = (
				36096141265E33B700E8BD9C /* XCRemoteSwiftPackageReference "Kingfisher" */,
			);
			productRefGroup = 36096130265E317A00E8BD9C /* Products */;
			projectDirPath = "";
			projectRoot = "";
			targets = (
				3609612E265E317A00E8BD9C /* EspecializacionSwiftUI */,
			);
		};
/* End PBXProject section */

/* Begin PBXResourcesBuildPhase section */
		3609612D265E317A00E8BD9C /* Resources */ = {
			isa = PBXResourcesBuildPhase;
			buildActionMask = 2147483647;
			files = (
				3609613A265E317B00E8BD9C /* Preview Assets.xcassets in Resources */,
				36096137265E317B00E8BD9C /* Assets.xcassets in Resources */,
			);
			runOnlyForDeploymentPostprocessing = 0;
		};
/* End PBXResourcesBuildPhase section */

/* Begin PBXSourcesBuildPhase section */
		3609612B265E317A00E8BD9C /* Sources */ = {
			isa = PBXSourcesBuildPhase;
			buildActionMask = 2147483647;
			files = (
				36096156265E372300E8BD9C /* ViewModel.swift in Sources */,
				36096154265E36E700E8BD9C /* EditProfileView.swift in Sources */,
				3609615A265E37CE00E8BD9C /* SaveData.swift in Sources */,
				36096152265E369D00E8BD9C /* ProfileView.swift in Sources */,
				36096148265E349D00E8BD9C /* Model.swift in Sources */,
				3609615C265E385A00E8BD9C /* SUImagePickerView.swift in Sources */,
				3609614A265E355D00E8BD9C /* HomeView.swift in Sources */,
				3609614C265E358600E8BD9C /* GamesView.swift in Sources */,
				36096135265E317A00E8BD9C /* ContentView.swift in Sources */,
				36096150265E365000E8BD9C /* FavoritesView.swift in Sources */,
				3609614E265E35F200E8BD9C /* GameView.swift in Sources */,
				361536B7265F56F00048107A /* SistemaPuntos.swift in Sources */,
				36096158265E378F00E8BD9C /* SearchGame.swift in Sources */,
				36096133265E317A00E8BD9C /* EspecializacionSwiftUIApp.swift in Sources */,
			);
			runOnlyForDeploymentPostprocessing = 0;
		};
/* End PBXSourcesBuildPhase section */

/* Begin XCBuildConfiguration section */
		3609613C265E317B00E8BD9C /* Debug */ = {
			isa = XCBuildConfiguration;
			buildSettings = {
				ALWAYS_SEARCH_USER_PATHS = NO;
				CLANG_ANALYZER_NONNULL = YES;
				CLANG_ANALYZER_NUMBER_OBJECT_CONVERSION = YES_AGGRESSIVE;
				CLANG_CXX_LANGUAGE_STANDARD = "gnu++14";
				CLANG_CXX_LIBRARY = "libc++";
				CLANG_ENABLE_MODULES = YES;
				CLANG_ENABLE_OBJC_ARC = YES;
				CLANG_ENABLE_OBJC_WEAK = YES;
				CLANG_WARN_BLOCK_CAPTURE_AUTORELEASING = YES;
				CLANG_WARN_BOOL_CONVERSION = YES;
				CLANG_WARN_COMMA = YES;
				CLANG_WARN_CONSTANT_CONVERSION = YES;
				CLANG_WARN_DEPRECATED_OBJC_IMPLEMENTATIONS = YES;
				CLANG_WARN_DIRECT_OBJC_ISA_USAGE = YES_ERROR;
				CLANG_WARN_DOCUMENTATION_COMMENTS = YES;
				CLANG_WARN_EMPTY_BODY = YES;
				CLANG_WARN_ENUM_CONVERSION = YES;
				CLANG_WARN_INFINITE_RECURSION = YES;
				CLANG_WARN_INT_CONVERSION = YES;
				CLANG_WARN_NON_LITERAL_NULL_CONVERSION = YES;
				CLANG_WARN_OBJC_IMPLICIT_RETAIN_SELF = YES;
				CLANG_WARN_OBJC_LITERAL_CONVERSION = YES;
				CLANG_WARN_OBJC_ROOT_CLASS = YES_ERROR;
				CLANG_WARN_QUOTED_INCLUDE_IN_FRAMEWORK_HEADER = YES;
				CLANG_WARN_RANGE_LOOP_ANALYSIS = YES;
				CLANG_WARN_STRICT_PROTOTYPES = YES;
				CLANG_WARN_SUSPICIOUS_MOVE = YES;
				CLANG_WARN_UNGUARDED_AVAILABILITY = YES_AGGRESSIVE;
				CLANG_WARN_UNREACHABLE_CODE = YES;
				CLANG_WARN__DUPLICATE_METHOD_MATCH = YES;
				COPY_PHASE_STRIP = NO;
				DEBUG_INFORMATION_FORMAT = dwarf;
				ENABLE_STRICT_OBJC_MSGSEND = YES;
				ENABLE_TESTABILITY = YES;
				GCC_C_LANGUAGE_STANDARD = gnu11;
				GCC_DYNAMIC_NO_PIC = NO;
				GCC_NO_COMMON_BLOCKS = YES;
				GCC_OPTIMIZATION_LEVEL = 0;
				GCC_PREPROCESSOR_DEFINITIONS = (
					"DEBUG=1",
					"$(inherited)",
				);
				GCC_WARN_64_TO_32_BIT_CONVERSION = YES;
				GCC_WARN_ABOUT_RETURN_TYPE = YES_ERROR;
				GCC_WARN_UNDECLARED_SELECTOR = YES;
				GCC_WARN_UNINITIALIZED_AUTOS = YES_AGGRESSIVE;
				GCC_WARN_UNUSED_FUNCTION = YES;
				GCC_WARN_UNUSED_VARIABLE = YES;
				IPHONEOS_DEPLOYMENT_TARGET = 14.5;
				MTL_ENABLE_DEBUG_INFO = INCLUDE_SOURCE;
				MTL_FAST_MATH = YES;
				ONLY_ACTIVE_ARCH = YES;
				SDKROOT = iphoneos;
				SWIFT_ACTIVE_COMPILATION_CONDITIONS = DEBUG;
				SWIFT_OPTIMIZATION_LEVEL = "-Onone";
			};
			name = Debug;
		};
		3609613D265E317B00E8BD9C /* Release */ = {
			isa = XCBuildConfiguration;
			buildSettings = {
				ALWAYS_SEARCH_USER_PATHS = NO;
				CLANG_ANALYZER_NONNULL = YES;
				CLANG_ANALYZER_NUMBER_OBJECT_CONVERSION = YES_AGGRESSIVE;
				CLANG_CXX_LANGUAGE_STANDARD = "gnu++14";
				CLANG_CXX_LIBRARY = "libc++";
				CLANG_ENABLE_MODULES = YES;
				CLANG_ENABLE_OBJC_ARC = YES;
				CLANG_ENABLE_OBJC_WEAK = YES;
				CLANG_WARN_BLOCK_CAPTURE_AUTORELEASING = YES;
				CLANG_WARN_BOOL_CONVERSION = YES;
				CLANG_WARN_COMMA = YES;
				CLANG_WARN_CONSTANT_CONVERSION = YES;
				CLANG_WARN_DEPRECATED_OBJC_IMPLEMENTATIONS = YES;
				CLANG_WARN_DIRECT_OBJC_ISA_USAGE = YES_ERROR;
				CLANG_WARN_DOCUMENTATION_COMMENTS = YES;
				CLANG_WARN_EMPTY_BODY = YES;
				CLANG_WARN_ENUM_CONVERSION = YES;
				CLANG_WARN_INFINITE_RECURSION = YES;
				CLANG_WARN_INT_CONVERSION = YES;
				CLANG_WARN_NON_LITERAL_NULL_CONVERSION = YES;
				CLANG_WARN_OBJC_IMPLICIT_RETAIN_SELF = YES;
				CLANG_WARN_OBJC_LITERAL_CONVERSION = YES;
				CLANG_WARN_OBJC_ROOT_CLASS = YES_ERROR;
				CLANG_WARN_QUOTED_INCLUDE_IN_FRAMEWORK_HEADER = YES;
				CLANG_WARN_RANGE_LOOP_ANALYSIS = YES;
				CLANG_WARN_STRICT_PROTOTYPES = YES;
				CLANG_WARN_SUSPICIOUS_MOVE = YES;
				CLANG_WARN_UNGUARDED_AVAILABILITY = YES_AGGRESSIVE;
				CLANG_WARN_UNREACHABLE_CODE = YES;
				CLANG_WARN__DUPLICATE_METHOD_MATCH = YES;
				COPY_PHASE_STRIP = NO;
				DEBUG_INFORMATION_FORMAT = "dwarf-with-dsym";
				ENABLE_NS_ASSERTIONS = NO;
				ENABLE_STRICT_OBJC_MSGSEND = YES;
				GCC_C_LANGUAGE_STANDARD = gnu11;
				GCC_NO_COMMON_BLOCKS = YES;
				GCC_WARN_64_TO_32_BIT_CONVERSION = YES;
				GCC_WARN_ABOUT_RETURN_TYPE = YES_ERROR;
				GCC_WARN_UNDECLARED_SELECTOR = YES;
				GCC_WARN_UNINITIALIZED_AUTOS = YES_AGGRESSIVE;
				GCC_WARN_UNUSED_FUNCTION = YES;
				GCC_WARN_UNUSED_VARIABLE = YES;
				IPHONEOS_DEPLOYMENT_TARGET = 14.5;
				MTL_ENABLE_DEBUG_INFO = NO;
				MTL_FAST_MATH = YES;
				SDKROOT = iphoneos;
				SWIFT_COMPILATION_MODE = wholemodule;
				SWIFT_OPTIMIZATION_LEVEL = "-O";
				VALIDATE_PRODUCT = YES;
			};
			name = Release;
		};
		3609613F265E317B00E8BD9C /* Debug */ = {
			isa = XCBuildConfiguration;
			buildSettings = {
				ASSETCATALOG_COMPILER_APPICON_NAME = AppIcon;
				ASSETCATALOG_COMPILER_GLOBAL_ACCENT_COLOR_NAME = AccentColor;
				CODE_SIGN_STYLE = Automatic;
				DEVELOPMENT_ASSET_PATHS = "\"EspecializacionSwiftUI/Preview Content\"";
				DEVELOPMENT_TEAM = PR2KB3T2YF;
				ENABLE_PREVIEWS = YES;
				INFOPLIST_FILE = EspecializacionSwiftUI/Info.plist;
				IPHONEOS_DEPLOYMENT_TARGET = 14.0;
				LD_RUNPATH_SEARCH_PATHS = (
					"$(inherited)",
					"@executable_path/Frameworks",
				);
				PRODUCT_BUNDLE_IDENTIFIER = com.platzi.EspecializacionSwiftUI;
				PRODUCT_NAME = "$(TARGET_NAME)";
				SWIFT_VERSION = 5.0;
				TARGETED_DEVICE_FAMILY = "1,2";
			};
			name = Debug;
		};
		36096140265E317B00E8BD9C /* Release */ = {
			isa = XCBuildConfiguration;
			buildSettings = {
				ASSETCATALOG_COMPILER_APPICON_NAME = AppIcon;
				ASSETCATALOG_COMPILER_GLOBAL_ACCENT_COLOR_NAME = AccentColor;
				CODE_SIGN_STYLE = Automatic;
				DEVELOPMENT_ASSET_PATHS = "\"EspecializacionSwiftUI/Preview Content\"";
				DEVELOPMENT_TEAM = PR2KB3T2YF;
				ENABLE_PREVIEWS = YES;
				INFOPLIST_FILE = EspecializacionSwiftUI/Info.plist;
				IPHONEOS_DEPLOYMENT_TARGET = 14.0;
				LD_RUNPATH_SEARCH_PATHS = (
					"$(inherited)",
					"@executable_path/Frameworks",
				);
				PRODUCT_BUNDLE_IDENTIFIER = com.platzi.EspecializacionSwiftUI;
				PRODUCT_NAME = "$(TARGET_NAME)";
				SWIFT_VERSION = 5.0;
				TARGETED_DEVICE_FAMILY = "1,2";
			};
			name = Release;
		};
/* End XCBuildConfiguration section */

/* Begin XCConfigurationList section */
		3609612A265E317A00E8BD9C /* Build configuration list for PBXProject "EspecializacionSwiftUI" */ = {
			isa = XCConfigurationList;
			buildConfigurations = (
				3609613C265E317B00E8BD9C /* Debug */,
				3609613D265E317B00E8BD9C /* Release */,
			);
			defaultConfigurationIsVisible = 0;
			defaultConfigurationName = Release;
		};
		3609613E265E317B00E8BD9C /* Build configuration list for PBXNativeTarget "EspecializacionSwiftUI" */ = {
			isa = XCConfigurationList;
			buildConfigurations = (
				3609613F265E317B00E8BD9C /* Debug */,
				36096140265E317B00E8BD9C /* Release */,
			);
			defaultConfigurationIsVisible = 0;
			defaultConfigurationName = Release;
		};
/* End XCConfigurationList section */

/* Begin XCRemoteSwiftPackageReference section */
		36096141265E33B700E8BD9C /* XCRemoteSwiftPackageReference "Kingfisher" */ = {
			isa = XCRemoteSwiftPackageReference;
			repositoryURL = "https://github.com/onevcat/Kingfisher.git";
			requirement = {
				kind = upToNextMajorVersion;
				minimumVersion = 6.3.0;
			};
		};
/* End XCRemoteSwiftPackageReference section */

/* Begin XCSwiftPackageProductDependency section */
		36096142265E33B700E8BD9C /* Kingfisher */ = {
			isa = XCSwiftPackageProductDependency;
			package = 36096141265E33B700E8BD9C /* XCRemoteSwiftPackageReference "Kingfisher" */;
			productName = Kingfisher;
		};
/* End XCSwiftPackageProductDependency section */
	};
	rootObject = 36096127265E317A00E8BD9C /* Project object */;
}
